<?xml version="1.0" encoding="utf-8"?>
<Project ToolsVersion="4.0" xmlns="http://schemas.microsoft.com/developer/msbuild/2003">
  <ItemGroup>
    <Filter Include="Source Files">
      <UniqueIdentifier>{4FC737F1-C7A5-4376-A066-2A32D752A2FF}</UniqueIdentifier>
      <Extensions>cpp;c;cc;cxx;def;odl;idl;hpj;bat;asm;asmx</Extensions>
    </Filter>
    <Filter Include="Header Files">
      <UniqueIdentifier>{93995380-89BD-4b04-88EB-625FBE52EBFB}</UniqueIdentifier>
      <Extensions>h;hh;hpp;hxx;hm;inl;inc;xsd</Extensions>
    </Filter>
    <Filter Include="Resource Files">
      <UniqueIdentifier>{67DA6AB6-F800-4c08-8B7A-83BB121AAD01}</UniqueIdentifier>
      <Extensions>rc;ico;cur;bmp;dlg;rc2;rct;bin;rgs;gif;jpg;jpeg;jpe;resx;tiff;tif;png;wav;mfcribbon-ms</Extensions>
    </Filter>
    <Filter Include="Header Files\VM">
      <UniqueIdentifier>{bf375c8b-91bf-4770-8a00-36ac5320e198}</UniqueIdentifier>
    </Filter>
    <Filter Include="Source Files\VM">
      <UniqueIdentifier>{e7580d92-0840-4201-a103-cbaf68f3a71f}</UniqueIdentifier>
    </Filter>
    <Filter Include="Header Files\VM\FFI">
      <UniqueIdentifier>{6e607040-b6ad-47d2-ac7b-5956ca47bc1d}</UniqueIdentifier>
    </Filter>
    <Filter Include="Source Files\VM\FFI">
      <UniqueIdentifier>{72fd3af4-edab-4579-8f22-519ed40b078b}</UniqueIdentifier>
    </Filter>
    <Filter Include="Header Files\VM\Memory">
      <UniqueIdentifier>{3f5b8d3e-14c9-472f-bc6c-135718b684ed}</UniqueIdentifier>
    </Filter>
    <Filter Include="Header Files\VM\Core">
      <UniqueIdentifier>{5e931512-e9a6-49cc-bf3c-f20d46c62213}</UniqueIdentifier>
    </Filter>
    <Filter Include="Source Files\VM\Core">
      <UniqueIdentifier>{e64a04bb-04c0-4eb8-bfb7-c9aca4af5ab4}</UniqueIdentifier>
    </Filter>
    <Filter Include="Source Files\VM\Memory">
      <UniqueIdentifier>{fbea797a-6863-4042-97bb-20ec6857f39d}</UniqueIdentifier>
    </Filter>
    <Filter Include="Source Files\Utility">
      <UniqueIdentifier>{d0f350f3-850b-4aaa-911f-feacbf33fd5d}</UniqueIdentifier>
    </Filter>
    <Filter Include="Header Files\VM\Compiler">
      <UniqueIdentifier>{49e6c544-b42e-4f8e-8d15-fdfe0b58b6f2}</UniqueIdentifier>
    </Filter>
    <Filter Include="Source Files\VM\Compiler">
      <UniqueIdentifier>{b6142a97-9664-47ff-a8d0-5010f4f4eb56}</UniqueIdentifier>
    </Filter>
    <Filter Include="Source Files\VM\Compiler\Tokenizer">
      <UniqueIdentifier>{8d78fef1-c793-4dd8-a562-91f3b57e779a}</UniqueIdentifier>
    </Filter>
    <Filter Include="Header Files\VM\Compiler\Tokenizer">
      <UniqueIdentifier>{49f48044-333d-4175-8ab8-02147005987e}</UniqueIdentifier>
    </Filter>
    <Filter Include="Source Files\VM\Compiler\Tokens">
      <UniqueIdentifier>{9716edac-3024-4966-b565-19c9dc02b6fb}</UniqueIdentifier>
    </Filter>
    <Filter Include="Header Files\VM\Compiler\Tokens">
      <UniqueIdentifier>{073f31d7-9b10-4de7-8018-924412f5b447}</UniqueIdentifier>
    </Filter>
    <Filter Include="Source Files\VM\Compiler\Parser">
      <UniqueIdentifier>{7c7c8da3-fb29-4c1f-8a4f-eb2443df0bcc}</UniqueIdentifier>
    </Filter>
    <Filter Include="Header Files\VM\Compiler\Parser">
      <UniqueIdentifier>{3cac7576-6218-4000-8a19-ab5bb1e971ad}</UniqueIdentifier>
    </Filter>
    <Filter Include="Source Files\VM\Compiler\AST">
      <UniqueIdentifier>{dc2dd15a-7d29-4734-8ce7-1e7f658c8232}</UniqueIdentifier>
    </Filter>
    <Filter Include="Header Files\VM\Compiler\AST">
      <UniqueIdentifier>{432278e3-879a-417e-b734-557233060b38}</UniqueIdentifier>
    </Filter>
    <Filter Include="Source Files\VM\Compiler\CodeGen">
      <UniqueIdentifier>{e227e11b-4423-4986-8627-d0c27e5de8ed}</UniqueIdentifier>
    </Filter>
    <Filter Include="Header Files\VM\Compiler\CodeGen">
      <UniqueIdentifier>{422ea60a-a4ee-4ad4-b630-3a18105e2f15}</UniqueIdentifier>
    </Filter>
    <Filter Include="Header Files\Utility">
      <UniqueIdentifier>{13f2640d-1fc9-4e53-8454-981b788b2465}</UniqueIdentifier>
    </Filter>
    <Filter Include="Source Files\VM\Compiler\ByteCodePrinter">
      <UniqueIdentifier>{97ec85df-a667-41a1-a892-e95b076870b4}</UniqueIdentifier>
    </Filter>
    <Filter Include="Header Files\VM\Compiler\ByteCodePrinter">
      <UniqueIdentifier>{f3995ee4-09f3-4c8a-acdf-07fa99c03932}</UniqueIdentifier>
    </Filter>
    <Filter Include="Header Files\VM\Compiler\Optimizer">
      <UniqueIdentifier>{a4140d4f-2ee9-40d0-8deb-09a3fffcbb14}</UniqueIdentifier>
    </Filter>
    <Filter Include="Source Files\VM\Compiler\Optimizer">
      <UniqueIdentifier>{cdded06f-f221-4611-9099-0c24c0cf2ebc}</UniqueIdentifier>
    </Filter>
  </ItemGroup>
  <ItemGroup>
    <ClCompile Include="main.cpp">
      <Filter>Source Files</Filter>
    </ClCompile>
    <ClCompile Include="src\VM\Memory\CheneyCollector.cpp">
      <Filter>Source Files\VM\Memory</Filter>
    </ClCompile>
    <ClCompile Include="src\VM\Memory\GarbageCollector.cpp">
      <Filter>Source Files\VM\Memory</Filter>
    </ClCompile>
    <ClCompile Include="src\VM\Memory\GCFactory.cpp">
      <Filter>Source Files\VM\Memory</Filter>
    </ClCompile>
    <ClCompile Include="src\VM\Memory\MemoryManager.cpp">
      <Filter>Source Files\VM\Memory</Filter>
    </ClCompile>
    <ClCompile Include="src\VM\Memory\RootSetProvider.cpp">
      <Filter>Source Files\VM\Memory</Filter>
    </ClCompile>
    <ClCompile Include="src\VM\Memory\VMObjectFunctions.cpp">
      <Filter>Source Files\VM\Memory</Filter>
    </ClCompile>
    <ClCompile Include="src\VM\FFI\ConversionFunctions.cpp">
      <Filter>Source Files\VM\FFI</Filter>
    </ClCompile>
    <ClCompile Include="src\VM\Core\ByteCode.cpp">
      <Filter>Source Files\VM\Core</Filter>
    </ClCompile>
    <ClCompile Include="src\VM\Core\VM.cpp">
      <Filter>Source Files\VM\Core</Filter>
    </ClCompile>
    <ClCompile Include="src\VM\Core\VMFrame.cpp">
      <Filter>Source Files\VM\Core</Filter>
    </ClCompile>
    <ClCompile Include="src\VM\Core\VMFunction.cpp">
      <Filter>Source Files\VM\Core</Filter>
    </ClCompile>
    <ClCompile Include="src\VM\Core\VMOperations.cpp">
      <Filter>Source Files\VM\Core</Filter>
    </ClCompile>
    <ClCompile Include="src\VM\Core\VMState.cpp">
      <Filter>Source Files\VM\Core</Filter>
    </ClCompile>
    <ClCompile Include="src\VM\Core\VMValue.cpp">
      <Filter>Source Files\VM\Core</Filter>
    </ClCompile>
    <ClCompile Include="src\VM\Compiler\Compiler.cpp">
      <Filter>Source Files\VM\Compiler</Filter>
    </ClCompile>
    <ClCompile Include="src\VM\Compiler\Tokens\Token.cpp">
      <Filter>Source Files\VM\Compiler\Tokens</Filter>
    </ClCompile>
    <ClCompile Include="src\VM\Compiler\Tokenizer\Tokenizer.cpp">
      <Filter>Source Files\VM\Compiler\Tokenizer</Filter>
    </ClCompile>
    <ClCompile Include="src\VM\Compiler\Tokenizer\Reader.cpp">
      <Filter>Source Files\VM\Compiler\Tokenizer</Filter>
    </ClCompile>
    <ClCompile Include="src\VM\Compiler\Tokens\TokenFactory.cpp">
      <Filter>Source Files\VM\Compiler\Tokens</Filter>
    </ClCompile>
    <ClCompile Include="src\VM\Compiler\Parser\Parser.cpp">
      <Filter>Source Files\VM\Compiler\Parser</Filter>
    </ClCompile>
    <ClCompile Include="src\VM\Compiler\AST\ASTNode.cpp">
      <Filter>Source Files\VM\Compiler\AST</Filter>
    </ClCompile>
    <ClCompile Include="src\VM\Compiler\CodeGen\CodeGenerator.cpp">
      <Filter>Source Files\VM\Compiler\CodeGen</Filter>
    </ClCompile>
    <ClCompile Include="src\VM\Compiler\AST\ASTVisitor.cpp">
      <Filter>Source Files\VM\Compiler\AST</Filter>
    </ClCompile>
    <ClCompile Include="src\VM\Compiler\CodeGen\CodeGeneratorVisitor.cpp">
      <Filter>Source Files\VM\Compiler\CodeGen</Filter>
    </ClCompile>
    <ClCompile Include="src\VM\Compiler\Tokens\TokenType.cpp">
      <Filter>Source Files\VM\Compiler\Tokens</Filter>
    </ClCompile>
    <ClCompile Include="src\Utility\Logger.cpp">
      <Filter>Source Files\Utility</Filter>
    </ClCompile>
    <ClCompile Include="src\Utility\LoggerManager.cpp">
      <Filter>Source Files\Utility</Filter>
    </ClCompile>
    <ClCompile Include="src\Utility\StringUtility.cpp">
      <Filter>Source Files\Utility</Filter>
    </ClCompile>
    <ClCompile Include="src\VM\Compiler\ByteCodePrinter\ByteCodePrinter.cpp">
      <Filter>Source Files\VM\Compiler\ByteCodePrinter</Filter>
    </ClCompile>
    <ClCompile Include="src\VM\Compiler\Optimizer\ByteCodeOptimizer.cpp">
      <Filter>Source Files\VM\Compiler\Optimizer</Filter>
    </ClCompile>
    <ClCompile Include="src\VM\Compiler\Optimizer\TailCallOptimization.cpp">
      <Filter>Source Files\VM\Compiler\Optimizer</Filter>
    </ClCompile>
    <ClCompile Include="src\VM\Compiler\Parser\TokenReader.cpp">
      <Filter>Source Files\VM\Compiler\Parser</Filter>
    </ClCompile>
  </ItemGroup>
  <ItemGroup>
    <ClInclude Include="src\VM\FFI\ConversionFunctions.h">
      <Filter>Header Files\VM\FFI</Filter>
    </ClInclude>
    <ClInclude Include="src\VM\FFI\FunctionArgumentTupleTemplates.h">
      <Filter>Header Files\VM\FFI</Filter>
    </ClInclude>
    <ClInclude Include="src\VM\FFI\NativeBinding.h">
      <Filter>Header Files\VM\FFI</Filter>
    </ClInclude>
    <ClInclude Include="src\VM\FFI\NativeBindingTypedef.h">
      <Filter>Header Files\VM\FFI</Filter>
    </ClInclude>
    <ClInclude Include="src\VM\FFI\VariadicFunctionCallTemplates.h">
      <Filter>Header Files\VM\FFI</Filter>
    </ClInclude>
    <ClInclude Include="src\VM\Memory\CheneyCollector.h">
      <Filter>Header Files\VM\Memory</Filter>
    </ClInclude>
    <ClInclude Include="src\VM\Memory\GarbageCollector.h">
      <Filter>Header Files\VM\Memory</Filter>
    </ClInclude>
    <ClInclude Include="src\VM\Memory\GCFactory.h">
      <Filter>Header Files\VM\Memory</Filter>
    </ClInclude>
    <ClInclude Include="src\VM\Memory\MemoryManager.h">
      <Filter>Header Files\VM\Memory</Filter>
    </ClInclude>
    <ClInclude Include="src\VM\Memory\RootSetProvider.h">
      <Filter>Header Files\VM\Memory</Filter>
    </ClInclude>
    <ClInclude Include="src\VM\Memory\VMObjectFunctions.h">
      <Filter>Header Files\VM\Memory</Filter>
    </ClInclude>
    <ClInclude Include="src\VM\Core\ByteCode.h">
      <Filter>Header Files\VM\Core</Filter>
    </ClInclude>
    <ClInclude Include="src\VM\Core\VM.h">
      <Filter>Header Files\VM\Core</Filter>
    </ClInclude>
    <ClInclude Include="src\VM\Core\VMFrame.h">
      <Filter>Header Files\VM\Core</Filter>
    </ClInclude>
    <ClInclude Include="src\VM\Core\VMFunction.h">
      <Filter>Header Files\VM\Core</Filter>
    </ClInclude>
    <ClInclude Include="src\VM\Core\VMOperations.h">
      <Filter>Header Files\VM\Core</Filter>
    </ClInclude>
    <ClInclude Include="src\VM\Core\VMState.h">
      <Filter>Header Files\VM\Core</Filter>
    </ClInclude>
    <ClInclude Include="src\VM\Core\VMValue.h">
      <Filter>Header Files\VM\Core</Filter>
    </ClInclude>
    <ClInclude Include="src\VM\Compiler\Compiler.h">
      <Filter>Header Files\VM\Compiler</Filter>
    </ClInclude>
    <ClInclude Include="src\VM\Compiler\Tokens\Token.h">
      <Filter>Header Files\VM\Compiler\Tokens</Filter>
    </ClInclude>
    <ClInclude Include="src\VM\Compiler\Tokenizer\Tokenizer.h">
      <Filter>Header Files\VM\Compiler\Tokenizer</Filter>
    </ClInclude>
    <ClInclude Include="src\VM\Compiler\Tokenizer\Reader.h">
      <Filter>Header Files\VM\Compiler\Tokenizer</Filter>
    </ClInclude>
    <ClInclude Include="src\VM\Compiler\Tokens\Tokens.h">
      <Filter>Header Files\VM\Compiler\Tokens</Filter>
    </ClInclude>
    <ClInclude Include="src\VM\Compiler\Tokens\TokenFactory.h">
      <Filter>Header Files\VM\Compiler\Tokens</Filter>
    </ClInclude>
    <ClInclude Include="src\VM\Compiler\Parser\Parser.h">
      <Filter>Header Files\VM\Compiler\Parser</Filter>
    </ClInclude>
    <ClInclude Include="src\VM\Compiler\AST\ASTNode.h">
      <Filter>Header Files\VM\Compiler\AST</Filter>
    </ClInclude>
    <ClInclude Include="src\VM\Compiler\CodeGen\CodeGenerator.h">
      <Filter>Header Files\VM\Compiler\CodeGen</Filter>
    </ClInclude>
    <ClInclude Include="src\VM\Compiler\AST\ASTVisitor.h">
      <Filter>Header Files\VM\Compiler\AST</Filter>
    </ClInclude>
    <ClInclude Include="src\VM\Compiler\CodeGen\CodeGeneratorVisitor.h">
      <Filter>Header Files\VM\Compiler\CodeGen</Filter>
    </ClInclude>
    <ClInclude Include="src\VM\Compiler\Tokens\TokenType.h">
      <Filter>Header Files\VM\Compiler\Tokens</Filter>
    </ClInclude>
    <ClInclude Include="src\VM\Compiler\AST\ArithmeticNode.h">
      <Filter>Header Files\VM\Compiler\AST</Filter>
    </ClInclude>
    <ClInclude Include="src\VM\Compiler\AST\RootNode.h">
      <Filter>Header Files\VM\Compiler\AST</Filter>
    </ClInclude>
    <ClInclude Include="src\VM\Compiler\AST\StaticsNode.h">
      <Filter>Header Files\VM\Compiler\AST</Filter>
    </ClInclude>
    <ClInclude Include="src\VM\Compiler\AST\FunctionNode.h">
      <Filter>Header Files\VM\Compiler\AST</Filter>
    </ClInclude>
    <ClInclude Include="src\VM\Compiler\AST\IdentifierNode.h">
      <Filter>Header Files\VM\Compiler\AST</Filter>
    </ClInclude>
    <ClInclude Include="src\VM\Compiler\AST\StringNode.h">
      <Filter>Header Files\VM\Compiler\AST</Filter>
    </ClInclude>
    <ClInclude Include="src\VM\Compiler\AST\IntegerNode.h">
      <Filter>Header Files\VM\Compiler\AST</Filter>
    </ClInclude>
    <ClInclude Include="src\VM\Compiler\AST\FloatNode.h">
      <Filter>Header Files\VM\Compiler\AST</Filter>
    </ClInclude>
    <ClInclude Include="src\VM\Compiler\AST\DoubleNode.h">
      <Filter>Header Files\VM\Compiler\AST</Filter>
    </ClInclude>
    <ClInclude Include="src\VM\Compiler\AST\SetValueNode.h">
      <Filter>Header Files\VM\Compiler\AST</Filter>
    </ClInclude>
    <ClInclude Include="src\VM\Compiler\AST\InvokeNativeNode.h">
      <Filter>Header Files\VM\Compiler\AST</Filter>
    </ClInclude>
    <ClInclude Include="src\VM\Compiler\AST\IfNode.h">
      <Filter>Header Files\VM\Compiler\AST</Filter>
    </ClInclude>
    <ClInclude Include="src\VM\Compiler\AST\LocalsNode.h">
      <Filter>Header Files\VM\Compiler\AST</Filter>
    </ClInclude>
    <ClInclude Include="src\VM\Compiler\AST\FunctionParameterListNode.h">
      <Filter>Header Files\VM\Compiler\AST</Filter>
    </ClInclude>
    <ClInclude Include="src\VM\Compiler\AST\ComparisonNode.h">
      <Filter>Header Files\VM\Compiler\AST</Filter>
    </ClInclude>
    <ClInclude Include="src\VM\Compiler\AST\WhileNode.h">
      <Filter>Header Files\VM\Compiler\AST</Filter>
    </ClInclude>
    <ClInclude Include="src\VM\Compiler\AST\OrNode.h">
      <Filter>Header Files\VM\Compiler\AST</Filter>
    </ClInclude>
    <ClInclude Include="src\VM\Compiler\AST\AndNode.h">
      <Filter>Header Files\VM\Compiler\AST</Filter>
    </ClInclude>
    <ClInclude Include="src\VM\Compiler\AST\CondNode.h">
      <Filter>Header Files\VM\Compiler\AST</Filter>
    </ClInclude>
    <ClInclude Include="src\VM\Compiler\AST\ElseNode.h">
      <Filter>Header Files\VM\Compiler\AST</Filter>
    </ClInclude>
    <ClInclude Include="src\VM\Compiler\AST\ReturnNode.h">
      <Filter>Header Files\VM\Compiler\AST</Filter>
    </ClInclude>
    <ClInclude Include="src\VM\Compiler\AST\FunctionCallNode.h">
      <Filter>Header Files\VM\Compiler\AST</Filter>
    </ClInclude>
    <ClInclude Include="src\Utility\Logger.h">
      <Filter>Header Files\Utility</Filter>
    </ClInclude>
    <ClInclude Include="src\Utility\LoggerManager.h">
      <Filter>Header Files\Utility</Filter>
    </ClInclude>
    <ClInclude Include="src\Utility\Logs.h">
      <Filter>Header Files\Utility</Filter>
    </ClInclude>
    <ClInclude Include="src\Utility\StringUtility.h">
      <Filter>Header Files\Utility</Filter>
    </ClInclude>
    <ClInclude Include="src\VM\Compiler\AST\WriteArrayNode.h">
      <Filter>Header Files\VM\Compiler\AST</Filter>
    </ClInclude>
    <ClInclude Include="src\VM\Compiler\AST\ReadArrayNode.h">
      <Filter>Header Files\VM\Compiler\AST</Filter>
    </ClInclude>
    <ClInclude Include="src\VM\Compiler\AST\ArrayLengthNode.h">
      <Filter>Header Files\VM\Compiler\AST</Filter>
    </ClInclude>
    <ClInclude Include="src\VM\Compiler\ByteCodePrinter\ByteCodePrinter.h">
      <Filter>Header Files\VM\Compiler\ByteCodePrinter</Filter>
    </ClInclude>
    <ClInclude Include="src\VM\Compiler\Optimizer\ByteCodeOptimizer.h">
      <Filter>Header Files\VM\Compiler\Optimizer</Filter>
    </ClInclude>
    <ClInclude Include="src\VM\Compiler\Optimizer\TailCallOptimization.h">
      <Filter>Header Files\VM\Compiler\Optimizer</Filter>
    </ClInclude>
    <ClInclude Include="src\VM\Compiler\Parser\TokenReader.h">
      <Filter>Header Files\VM\Compiler\Parser</Filter>
    </ClInclude>
    <ClInclude Include="src\VM\Compiler\AST\BooleanNode.h">
      <Filter>Header Files\VM\Compiler\AST</Filter>
    </ClInclude>
    <ClInclude Include="src\VM\Compiler\AST\NotNode.h">
      <Filter>Header Files\VM\Compiler\AST</Filter>
    </ClInclude>
  </ItemGroup>
</Project>